
Microsoft Visual Studio Solution File, Format Version 12.00
# Visual Studio Version 17
VisualStudioVersion = 17.14.36202.13
MinimumVisualStudioVersion = 10.0.40219.1
Project("{FAE04EC0-301F-11D3-BF4B-00C04F79EFBC}") = "API", "API\API.csproj", "{79CE06FE-A52C-45AF-A9DB-0A0C8A259446}"
EndProject
Project("{FAE04EC0-301F-11D3-BF4B-00C04F79EFBC}") = "Abstracciones", "Abstracciones\Abstracciones.csproj", "{1E1695F8-1B0A-40FA-BE84-B98A69AC3F08}"
EndProject
Project("{FAE04EC0-301F-11D3-BF4B-00C04F79EFBC}") = "DA", "DA\DA.csproj", "{8EA7B246-E573-428A-B933-225290A295B8}"
EndProject
Project("{FAE04EC0-301F-11D3-BF4B-00C04F79EFBC}") = "Flujo", "Flujo\Flujo.csproj", "{A9439AB6-F8F5-4F07-8773-32DC32D917DE}"
EndProject
Project("{00D1A9C2-B5F0-4AF3-8072-F6C62B433612}") = "BD", "BD\BD.sqlproj", "{E7D9FF1E-8194-459E-9AFB-4BB2E7F6E1E2}"
EndProject
Project("{FAE04EC0-301F-11D3-BF4B-00C04F79EFBC}") = "Reglas", "Reglas\Reglas.csproj", "{0FFF5FA9-D5CB-460D-A3AE-BF9249066CC4}"
EndProject
Project("{FAE04EC0-301F-11D3-BF4B-00C04F79EFBC}") = "Servicios", "Servicios\Servicios.csproj", "{CF25E27D-D0CA-4984-8DE8-D28171D66D54}"
EndProject
Global
	GlobalSection(SolutionConfigurationPlatforms) = preSolution
		Debug|Any CPU = Debug|Any CPU
		Release|Any CPU = Release|Any CPU
	EndGlobalSection
	GlobalSection(ProjectConfigurationPlatforms) = postSolution
		{79CE06FE-A52C-45AF-A9DB-0A0C8A259446}.Debug|Any CPU.ActiveCfg = Debug|Any CPU
		{79CE06FE-A52C-45AF-A9DB-0A0C8A259446}.Debug|Any CPU.Build.0 = Debug|Any CPU
		{79CE06FE-A52C-45AF-A9DB-0A0C8A259446}.Release|Any CPU.ActiveCfg = Release|Any CPU
		{79CE06FE-A52C-45AF-A9DB-0A0C8A259446}.Release|Any CPU.Build.0 = Release|Any CPU
		{1E1695F8-1B0A-40FA-BE84-B98A69AC3F08}.Debug|Any CPU.ActiveCfg = Debug|Any CPU
		{1E1695F8-1B0A-40FA-BE84-B98A69AC3F08}.Debug|Any CPU.Build.0 = Debug|Any CPU
		{1E1695F8-1B0A-40FA-BE84-B98A69AC3F08}.Release|Any CPU.ActiveCfg = Release|Any CPU
		{1E1695F8-1B0A-40FA-BE84-B98A69AC3F08}.Release|Any CPU.Build.0 = Release|Any CPU
		{8EA7B246-E573-428A-B933-225290A295B8}.Debug|Any CPU.ActiveCfg = Debug|Any CPU
		{8EA7B246-E573-428A-B933-225290A295B8}.Debug|Any CPU.Build.0 = Debug|Any CPU
		{8EA7B246-E573-428A-B933-225290A295B8}.Release|Any CPU.ActiveCfg = Release|Any CPU
		{8EA7B246-E573-428A-B933-225290A295B8}.Release|Any CPU.Build.0 = Release|Any CPU
		{A9439AB6-F8F5-4F07-8773-32DC32D917DE}.Debug|Any CPU.ActiveCfg = Debug|Any CPU
		{A9439AB6-F8F5-4F07-8773-32DC32D917DE}.Debug|Any CPU.Build.0 = Debug|Any CPU
		{A9439AB6-F8F5-4F07-8773-32DC32D917DE}.Release|Any CPU.ActiveCfg = Release|Any CPU
		{A9439AB6-F8F5-4F07-8773-32DC32D917DE}.Release|Any CPU.Build.0 = Release|Any CPU
		{E7D9FF1E-8194-459E-9AFB-4BB2E7F6E1E2}.Debug|Any CPU.ActiveCfg = Debug|Any CPU
		{E7D9FF1E-8194-459E-9AFB-4BB2E7F6E1E2}.Debug|Any CPU.Build.0 = Debug|Any CPU
		{E7D9FF1E-8194-459E-9AFB-4BB2E7F6E1E2}.Debug|Any CPU.Deploy.0 = Debug|Any CPU
		{E7D9FF1E-8194-459E-9AFB-4BB2E7F6E1E2}.Release|Any CPU.ActiveCfg = Release|Any CPU
		{E7D9FF1E-8194-459E-9AFB-4BB2E7F6E1E2}.Release|Any CPU.Build.0 = Release|Any CPU
		{E7D9FF1E-8194-459E-9AFB-4BB2E7F6E1E2}.Release|Any CPU.Deploy.0 = Release|Any CPU
		{0FFF5FA9-D5CB-460D-A3AE-BF9249066CC4}.Debug|Any CPU.ActiveCfg = Debug|Any CPU
		{0FFF5FA9-D5CB-460D-A3AE-BF9249066CC4}.Debug|Any CPU.Build.0 = Debug|Any CPU
		{0FFF5FA9-D5CB-460D-A3AE-BF9249066CC4}.Release|Any CPU.ActiveCfg = Release|Any CPU
		{0FFF5FA9-D5CB-460D-A3AE-BF9249066CC4}.Release|Any CPU.Build.0 = Release|Any CPU
		{CF25E27D-D0CA-4984-8DE8-D28171D66D54}.Debug|Any CPU.ActiveCfg = Debug|Any CPU
		{CF25E27D-D0CA-4984-8DE8-D28171D66D54}.Debug|Any CPU.Build.0 = Debug|Any CPU
		{CF25E27D-D0CA-4984-8DE8-D28171D66D54}.Release|Any CPU.ActiveCfg = Release|Any CPU
		{CF25E27D-D0CA-4984-8DE8-D28171D66D54}.Release|Any CPU.Build.0 = Release|Any CPU
	EndGlobalSection
	GlobalSection(SolutionProperties) = preSolution
		HideSolutionNode = FALSE
	EndGlobalSection
	GlobalSection(ExtensibilityGlobals) = postSolution
		SolutionGuid = {D248327A-0154-4E15-B9AB-B0877218F96F}
	EndGlobalSection
EndGlobal
